
Microsoft Visual Studio Solution File, Format Version 12.00
# Visual Studio Version 17
VisualStudioVersion = 17.4.33110.190
MinimumVisualStudioVersion = 10.0.40219.1
Project("{FAE04EC0-301F-11D3-BF4B-00C04F79EFBC}") = "Asp.Net-Mvc-01", "Asp.Net-Mvc-01\Asp.Net-Mvc-01.csproj", "{E54BB3A4-3F5A-4C45-AABF-89918437A005}"
EndProject
Global
	GlobalSection(SolutionConfigurationPlatforms) = preSolution
		Debug|Any CPU = Debug|Any CPU
		Release|Any CPU = Release|Any CPU
	EndGlobalSection
	GlobalSection(ProjectConfigurationPlatforms) = postSolution
		{E54BB3A4-3F5A-4C45-AABF-89918437A005}.Debug|Any CPU.ActiveCfg = Debug|Any CPU
		{E54BB3A4-3F5A-4C45-AABF-89918437A005}.Debug|Any CPU.Build.0 = Debug|Any CPU
		{E54BB3A4-3F5A-4C45-AABF-89918437A005}.Release|Any CPU.ActiveCfg = Release|Any CPU
		{E54BB3A4-3F5A-4C45-AABF-89918437A005}.Release|Any CPU.Build.0 = Release|Any CPU
	EndGlobalSection
	GlobalSection(SolutionProperties) = preSolution
		HideSolutionNode = FALSE
	EndGlobalSection
	GlobalSection(ExtensibilityGlobals) = postSolution
		SolutionGuid = {B862F9CF-6817-4409-9E15-D7E2DBC6CDF5}
	EndGlobalSection
EndGlobal
